
Microsoft Visual Studio Solution File, Format Version 12.00
# Visual Studio Version 16
VisualStudioVersion = 16.0.30804.86
MinimumVisualStudioVersion = 10.0.40219.1
Project("{9A19103F-16F7-4668-BE54-9A1E7A4F7556}") = "BlazorApp1", "BlazorApp1\BlazorApp1.csproj", "{7D82101B-ECAE-48F4-968B-43F8F7C0491E}"
EndProject
Project("{FAE04EC0-301F-11D3-BF4B-00C04F79EFBC}") = "EmployeeManagement.Models", "EmployeeManagement.Models\EmployeeManagement.Models.csproj", "{97AA5480-B724-4039-B22A-70449A176EED}"
EndProject
Project("{FAE04EC0-301F-11D3-BF4B-00C04F79EFBC}") = "EmployeeManagement.API", "EmployeeManagement.API\EmployeeManagement.API.csproj", "{E2E7329D-C844-4E30-861C-8D3117EBA845}"
EndProject
Global
	GlobalSection(SolutionConfigurationPlatforms) = preSolution
		Debug|Any CPU = Debug|Any CPU
		Release|Any CPU = Release|Any CPU
	EndGlobalSection
	GlobalSection(ProjectConfigurationPlatforms) = postSolution
		{7D82101B-ECAE-48F4-968B-43F8F7C0491E}.Debug|Any CPU.ActiveCfg = Debug|Any CPU
		{7D82101B-ECAE-48F4-968B-43F8F7C0491E}.Debug|Any CPU.Build.0 = Debug|Any CPU
		{7D82101B-ECAE-48F4-968B-43F8F7C0491E}.Release|Any CPU.ActiveCfg = Release|Any CPU
		{7D82101B-ECAE-48F4-968B-43F8F7C0491E}.Release|Any CPU.Build.0 = Release|Any CPU
		{97AA5480-B724-4039-B22A-70449A176EED}.Debug|Any CPU.ActiveCfg = Debug|Any CPU
		{97AA5480-B724-4039-B22A-70449A176EED}.Debug|Any CPU.Build.0 = Debug|Any CPU
		{97AA5480-B724-4039-B22A-70449A176EED}.Release|Any CPU.ActiveCfg = Release|Any CPU
		{97AA5480-B724-4039-B22A-70449A176EED}.Release|Any CPU.Build.0 = Release|Any CPU
		{E2E7329D-C844-4E30-861C-8D3117EBA845}.Debug|Any CPU.ActiveCfg = Debug|Any CPU
		{E2E7329D-C844-4E30-861C-8D3117EBA845}.Debug|Any CPU.Build.0 = Debug|Any CPU
		{E2E7329D-C844-4E30-861C-8D3117EBA845}.Release|Any CPU.ActiveCfg = Release|Any CPU
		{E2E7329D-C844-4E30-861C-8D3117EBA845}.Release|Any CPU.Build.0 = Release|Any CPU
	EndGlobalSection
	GlobalSection(SolutionProperties) = preSolution
		HideSolutionNode = FALSE
	EndGlobalSection
	GlobalSection(ExtensibilityGlobals) = postSolution
		SolutionGuid = {AB069783-AECF-46E4-BD91-E30E9163C173}
	EndGlobalSection
EndGlobal
